
Microsoft Visual Studio Solution File, Format Version 12.00
# Visual Studio Version 16
VisualStudioVersion = 16.0.30503.244
MinimumVisualStudioVersion = 10.0.40219.1
Project("{FAE04EC0-301F-11D3-BF4B-00C04F79EFBC}") = "Chess", "Chess\Chess.csproj", "{B5133DB2-DFB4-41AF-8B14-ACA0282BF248}"
EndProject
Project("{FAE04EC0-301F-11D3-BF4B-00C04F79EFBC}") = "test szachy", "test szachy\test szachy.csproj", "{793EE5CD-6C23-4F00-BF64-4E509AFBEDEB}"
EndProject
Global
	GlobalSection(SolutionConfigurationPlatforms) = preSolution
		Debug|Any CPU = Debug|Any CPU
		Release|Any CPU = Release|Any CPU
	EndGlobalSection
	GlobalSection(ProjectConfigurationPlatforms) = postSolution
		{B5133DB2-DFB4-41AF-8B14-ACA0282BF248}.Debug|Any CPU.ActiveCfg = Debug|Any CPU
		{B5133DB2-DFB4-41AF-8B14-ACA0282BF248}.Debug|Any CPU.Build.0 = Debug|Any CPU
		{B5133DB2-DFB4-41AF-8B14-ACA0282BF248}.Release|Any CPU.ActiveCfg = Release|Any CPU
		{B5133DB2-DFB4-41AF-8B14-ACA0282BF248}.Release|Any CPU.Build.0 = Release|Any CPU
		{793EE5CD-6C23-4F00-BF64-4E509AFBEDEB}.Debug|Any CPU.ActiveCfg = Debug|Any CPU
		{793EE5CD-6C23-4F00-BF64-4E509AFBEDEB}.Debug|Any CPU.Build.0 = Debug|Any CPU
		{793EE5CD-6C23-4F00-BF64-4E509AFBEDEB}.Release|Any CPU.ActiveCfg = Release|Any CPU
		{793EE5CD-6C23-4F00-BF64-4E509AFBEDEB}.Release|Any CPU.Build.0 = Release|Any CPU
	EndGlobalSection
	GlobalSection(SolutionProperties) = preSolution
		HideSolutionNode = FALSE
	EndGlobalSection
	GlobalSection(ExtensibilityGlobals) = postSolution
		SolutionGuid = {045A2324-3A71-48F1-817C-7AF70AA3FE49}
	EndGlobalSection
EndGlobal
